// !$*UTF8*$!
{
	archiveVersion = 1;
	classes = {
	};
	objectVersion = 50;
	objects = {

/* Begin PBXBuildFile section */
		388FF103241D85ED00D97AD9 /* lab4c_tcp.c in Sources */ = {isa = PBXBuildFile; fileRef = 388FF102241D85ED00D97AD9 /* lab4c_tcp.c */; };
		388FF10A241D863600D97AD9 /* Makefile in Sources */ = {isa = PBXBuildFile; fileRef = 388FF109241D863600D97AD9 /* Makefile */; };
		388FF10D241D963D00D97AD9 /* lab4c_tls.c in Sources */ = {isa = PBXBuildFile; fileRef = 388FF10C241D963D00D97AD9 /* lab4c_tls.c */; };
/* End PBXBuildFile section */

/* Begin PBXCopyFilesBuildPhase section */
		388FF0FD241D85ED00D97AD9 /* CopyFiles */ = {
			isa = PBXCopyFilesBuildPhase;
			buildActionMask = 2147483647;
			dstPath = /usr/share/man/man1/;
			dstSubfolderSpec = 0;
			files = (
			);
			runOnlyForDeploymentPostprocessing = 1;
		};
/* End PBXCopyFilesBuildPhase section */

/* Begin PBXFileReference section */
		388FF0FF241D85ED00D97AD9 /* lab4c */ = {isa = PBXFileReference; explicitFileType = "compiled.mach-o.executable"; includeInIndex = 0; path = lab4c; sourceTree = BUILT_PRODUCTS_DIR; };
		388FF102241D85ED00D97AD9 /* lab4c_tcp.c */ = {isa = PBXFileReference; lastKnownFileType = sourcecode.c.c; path = lab4c_tcp.c; sourceTree = "<group>"; };
		388FF109241D863600D97AD9 /* Makefile */ = {isa = PBXFileReference; lastKnownFileType = sourcecode.make; path = Makefile; sourceTree = "<group>"; };
		388FF10B241D866500D97AD9 /* README */ = {isa = PBXFileReference; lastKnownFileType = text; path = README; sourceTree = "<group>"; };
		388FF10C241D963D00D97AD9 /* lab4c_tls.c */ = {isa = PBXFileReference; lastKnownFileType = sourcecode.c.c; path = lab4c_tls.c; sourceTree = "<group>"; };
		388FF10E241DB72700D97AD9 /* test.sh */ = {isa = PBXFileReference; lastKnownFileType = text.script.sh; path = test.sh; sourceTree = "<group>"; };
/* End PBXFileReference section */

/* Begin PBXFrameworksBuildPhase section */
		388FF0FC241D85ED00D97AD9 /* Frameworks */ = {
			isa = PBXFrameworksBuildPhase;
			buildActionMask = 2147483647;
			files = (
			);
			runOnlyForDeploymentPostprocessing = 0;
		};
/* End PBXFrameworksBuildPhase section */

/* Begin PBXGroup section */
		388FF0F6241D85ED00D97AD9 = {
			isa = PBXGroup;
			children = (
				388FF101241D85ED00D97AD9 /* lab4c */,
				388FF100241D85ED00D97AD9 /* Products */,
			);
			sourceTree = "<group>";
		};
		388FF100241D85ED00D97AD9 /* Products */ = {
			isa = PBXGroup;
			children = (
				388FF0FF241D85ED00D97AD9 /* lab4c */,
			);
			name = Products;
			sourceTree = "<group>";
		};
		388FF101241D85ED00D97AD9 /* lab4c */ = {
			isa = PBXGroup;
			children = (
				388FF102241D85ED00D97AD9 /* lab4c_tcp.c */,
				388FF10C241D963D00D97AD9 /* lab4c_tls.c */,
				388FF10E241DB72700D97AD9 /* test.sh */,
				388FF109241D863600D97AD9 /* Makefile */,
				388FF10B241D866500D97AD9 /* README */,
			);
			path = lab4c;
			sourceTree = "<group>";
		};
/* End PBXGroup section */

/* Begin PBXNativeTarget section */
		388FF0FE241D85ED00D97AD9 /* lab4c */ = {
			isa = PBXNativeTarget;
			buildConfigurationList = 388FF106241D85ED00D97AD9 /* Build configuration list for PBXNativeTarget "lab4c" */;
			buildPhases = (
				388FF0FB241D85ED00D97AD9 /* Sources */,
				388FF0FC241D85ED00D97AD9 /* Frameworks */,
				388FF0FD241D85ED00D97AD9 /* CopyFiles */,
			);
			buildRules = (
			);
			dependencies = (
			);
			name = lab4c;
			productName = lab4c;
			productReference = 388FF0FF241D85ED00D97AD9 /* lab4c */;
			productType = "com.apple.product-type.tool";
		};
/* End PBXNativeTarget section */

/* Begin PBXProject section */
		388FF0F7241D85ED00D97AD9 /* Project object */ = {
			isa = PBXProject;
			attributes = {
				LastUpgradeCheck = 1130;
				ORGANIZATIONNAME = "Jake Herron";
				TargetAttributes = {
					388FF0FE241D85ED00D97AD9 = {
						CreatedOnToolsVersion = 11.3.1;
					};
				};
			};
			buildConfigurationList = 388FF0FA241D85ED00D97AD9 /* Build configuration list for PBXProject "lab4c" */;
			compatibilityVersion = "Xcode 9.3";
			developmentRegion = en;
			hasScannedForEncodings = 0;
			knownRegions = (
				en,
				Base,
			);
			mainGroup = 388FF0F6241D85ED00D97AD9;
			productRefGroup = 388FF100241D85ED00D97AD9 /* Products */;
			projectDirPath = "";
			projectRoot = "";
			targets = (
				388FF0FE241D85ED00D97AD9 /* lab4c */,
			);
		};
/* End PBXProject section */

/* Begin PBXSourcesBuildPhase section */
		388FF0FB241D85ED00D97AD9 /* Sources */ = {
			isa = PBXSourcesBuildPhase;
			buildActionMask = 2147483647;
			files = (
				388FF10D241D963D00D97AD9 /* lab4c_tls.c in Sources */,
				388FF10A241D863600D97AD9 /* Makefile in Sources */,
				388FF103241D85ED00D97AD9 /* lab4c_tcp.c in Sources */,
			);
			runOnlyForDeploymentPostprocessing = 0;
		};
/* End PBXSourcesBuildPhase section */

/* Begin XCBuildConfiguration section */
		388FF104241D85ED00D97AD9 /* Debug */ = {
			isa = XCBuildConfiguration;
			buildSettings = {
				ALWAYS_SEARCH_USER_PATHS = NO;
				CLANG_ANALYZER_NONNULL = YES;
				CLANG_ANALYZER_NUMBER_OBJECT_CONVERSION = YES_AGGRESSIVE;
				CLANG_CXX_LANGUAGE_STANDARD = "gnu++14";
				CLANG_CXX_LIBRARY = "libc++";
				CLANG_ENABLE_MODULES = YES;
				CLANG_ENABLE_OBJC_ARC = YES;
				CLANG_ENABLE_OBJC_WEAK = YES;
				CLANG_WARN_BLOCK_CAPTURE_AUTORELEASING = YES;
				CLANG_WARN_BOOL_CONVERSION = YES;
				CLANG_WARN_COMMA = YES;
				CLANG_WARN_CONSTANT_CONVERSION = YES;
				CLANG_WARN_DEPRECATED_OBJC_IMPLEMENTATIONS = YES;
				CLANG_WARN_DIRECT_OBJC_ISA_USAGE = YES_ERROR;
				CLANG_WARN_DOCUMENTATION_COMMENTS = YES;
				CLANG_WARN_EMPTY_BODY = YES;
				CLANG_WARN_ENUM_CONVERSION = YES;
				CLANG_WARN_INFINITE_RECURSION = YES;
				CLANG_WARN_INT_CONVERSION = YES;
				CLANG_WARN_NON_LITERAL_NULL_CONVERSION = YES;
				CLANG_WARN_OBJC_IMPLICIT_RETAIN_SELF = YES;
				CLANG_WARN_OBJC_LITERAL_CONVERSION = YES;
				CLANG_WARN_OBJC_ROOT_CLASS = YES_ERROR;
				CLANG_WARN_RANGE_LOOP_ANALYSIS = YES;
				CLANG_WARN_STRICT_PROTOTYPES = YES;
				CLANG_WARN_SUSPICIOUS_MOVE = YES;
				CLANG_WARN_UNGUARDED_AVAILABILITY = YES_AGGRESSIVE;
				CLANG_WARN_UNREACHABLE_CODE = YES;
				CLANG_WARN__DUPLICATE_METHOD_MATCH = YES;
				COPY_PHASE_STRIP = NO;
				DEBUG_INFORMATION_FORMAT = dwarf;
				ENABLE_STRICT_OBJC_MSGSEND = YES;
				ENABLE_TESTABILITY = YES;
				GCC_C_LANGUAGE_STANDARD = gnu11;
				GCC_DYNAMIC_NO_PIC = NO;
				GCC_NO_COMMON_BLOCKS = YES;
				GCC_OPTIMIZATION_LEVEL = 0;
				GCC_PREPROCESSOR_DEFINITIONS = (
					"DEBUG=1",
					"$(inherited)",
				);
				GCC_WARN_64_TO_32_BIT_CONVERSION = YES;
				GCC_WARN_ABOUT_RETURN_TYPE = YES_ERROR;
				GCC_WARN_UNDECLARED_SELECTOR = YES;
				GCC_WARN_UNINITIALIZED_AUTOS = YES_AGGRESSIVE;
				GCC_WARN_UNUSED_FUNCTION = YES;
				GCC_WARN_UNUSED_VARIABLE = YES;
				MACOSX_DEPLOYMENT_TARGET = 10.15;
				MTL_ENABLE_DEBUG_INFO = INCLUDE_SOURCE;
				MTL_FAST_MATH = YES;
				ONLY_ACTIVE_ARCH = YES;
				SDKROOT = macosx;
			};
			name = Debug;
		};
		388FF105241D85ED00D97AD9 /* Release */ = {
			isa = XCBuildConfiguration;
			buildSettings = {
				ALWAYS_SEARCH_USER_PATHS = NO;
				CLANG_ANALYZER_NONNULL = YES;
				CLANG_ANALYZER_NUMBER_OBJECT_CONVERSION = YES_AGGRESSIVE;
				CLANG_CXX_LANGUAGE_STANDARD = "gnu++14";
				CLANG_CXX_LIBRARY = "libc++";
				CLANG_ENABLE_MODULES = YES;
				CLANG_ENABLE_OBJC_ARC = YES;
				CLANG_ENABLE_OBJC_WEAK = YES;
				CLANG_WARN_BLOCK_CAPTURE_AUTORELEASING = YES;
				CLANG_WARN_BOOL_CONVERSION = YES;
				CLANG_WARN_COMMA = YES;
				CLANG_WARN_CONSTANT_CONVERSION = YES;
				CLANG_WARN_DEPRECATED_OBJC_IMPLEMENTATIONS = YES;
				CLANG_WARN_DIRECT_OBJC_ISA_USAGE = YES_ERROR;
				CLANG_WARN_DOCUMENTATION_COMMENTS = YES;
				CLANG_WARN_EMPTY_BODY = YES;
				CLANG_WARN_ENUM_CONVERSION = YES;
				CLANG_WARN_INFINITE_RECURSION = YES;
				CLANG_WARN_INT_CONVERSION = YES;
				CLANG_WARN_NON_LITERAL_NULL_CONVERSION = YES;
				CLANG_WARN_OBJC_IMPLICIT_RETAIN_SELF = YES;
				CLANG_WARN_OBJC_LITERAL_CONVERSION = YES;
				CLANG_WARN_OBJC_ROOT_CLASS = YES_ERROR;
				CLANG_WARN_RANGE_LOOP_ANALYSIS = YES;
				CLANG_WARN_STRICT_PROTOTYPES = YES;
				CLANG_WARN_SUSPICIOUS_MOVE = YES;
				CLANG_WARN_UNGUARDED_AVAILABILITY = YES_AGGRESSIVE;
				CLANG_WARN_UNREACHABLE_CODE = YES;
				CLANG_WARN__DUPLICATE_METHOD_MATCH = YES;
				COPY_PHASE_STRIP = NO;
				DEBUG_INFORMATION_FORMAT = "dwarf-with-dsym";
				ENABLE_NS_ASSERTIONS = NO;
				ENABLE_STRICT_OBJC_MSGSEND = YES;
				GCC_C_LANGUAGE_STANDARD = gnu11;
				GCC_NO_COMMON_BLOCKS = YES;
				GCC_WARN_64_TO_32_BIT_CONVERSION = YES;
				GCC_WARN_ABOUT_RETURN_TYPE = YES_ERROR;
				GCC_WARN_UNDECLARED_SELECTOR = YES;
				GCC_WARN_UNINITIALIZED_AUTOS = YES_AGGRESSIVE;
				GCC_WARN_UNUSED_FUNCTION = YES;
				GCC_WARN_UNUSED_VARIABLE = YES;
				MACOSX_DEPLOYMENT_TARGET = 10.15;
				MTL_ENABLE_DEBUG_INFO = NO;
				MTL_FAST_MATH = YES;
				SDKROOT = macosx;
			};
			name = Release;
		};
		388FF107241D85ED00D97AD9 /* Debug */ = {
			isa = XCBuildConfiguration;
			buildSettings = {
				CODE_SIGN_STYLE = Automatic;
				PRODUCT_NAME = "$(TARGET_NAME)";
			};
			name = Debug;
		};
		388FF108241D85ED00D97AD9 /* Release */ = {
			isa = XCBuildConfiguration;
			buildSettings = {
				CODE_SIGN_STYLE = Automatic;
				PRODUCT_NAME = "$(TARGET_NAME)";
			};
			name = Release;
		};
/* End XCBuildConfiguration section */

/* Begin XCConfigurationList section */
		388FF0FA241D85ED00D97AD9 /* Build configuration list for PBXProject "lab4c" */ = {
			isa = XCConfigurationList;
			buildConfigurations = (
				388FF104241D85ED00D97AD9 /* Debug */,
				388FF105241D85ED00D97AD9 /* Release */,
			);
			defaultConfigurationIsVisible = 0;
			defaultConfigurationName = Release;
		};
		388FF106241D85ED00D97AD9 /* Build configuration list for PBXNativeTarget "lab4c" */ = {
			isa = XCConfigurationList;
			buildConfigurations = (
				388FF107241D85ED00D97AD9 /* Debug */,
				388FF108241D85ED00D97AD9 /* Release */,
			);
			defaultConfigurationIsVisible = 0;
			defaultConfigurationName = Release;
		};
/* End XCConfigurationList section */
	};
	rootObject = 388FF0F7241D85ED00D97AD9 /* Project object */;
}
